
Microsoft Visual Studio Solution File, Format Version 12.00
# Visual Studio Version 16
VisualStudioVersion = 16.0.30717.126
MinimumVisualStudioVersion = 10.0.40219.1
Project("{2150E333-8FDC-42A3-9474-1A3956D46DE8}") = "CreationalDesignPatterns", "CreationalDesignPatterns", "{B9695590-9DBA-4964-AD32-754205F8DC68}"
EndProject
Project("{9A19103F-16F7-4668-BE54-9A1E7A4F7556}") = "AbstractFactory", "CreationalDesignPatterns\AbstractFactory\AbstractFactory.csproj", "{8C20ADE9-33BF-4A31-9565-75AF42623137}"
EndProject
Project("{9A19103F-16F7-4668-BE54-9A1E7A4F7556}") = "Builder", "CreationalDesignPatterns\Builder\Builder.csproj", "{A3FB96A1-1B12-4FBD-8795-D5C517E94D74}"
EndProject
Project("{9A19103F-16F7-4668-BE54-9A1E7A4F7556}") = "FactoryMethod", "CreationalDesignPatterns\FactoryMethod\FactoryMethod.csproj", "{356DC3D3-BE8C-4ECC-875B-812491AD34BE}"
EndProject
Project("{9A19103F-16F7-4668-BE54-9A1E7A4F7556}") = "Prototype", "CreationalDesignPatterns\Prototype\Prototype.csproj", "{B13E2A07-8645-4E76-B6E5-44072EB73563}"
EndProject
Project("{9A19103F-16F7-4668-BE54-9A1E7A4F7556}") = "Singleton", "CreationalDesignPatterns\Singleton\Singleton\Singleton.csproj", "{89F8789D-3F53-41BE-8A3A-9ADA8E2848F0}"
EndProject
Project("{2150E333-8FDC-42A3-9474-1A3956D46DE8}") = "StructuralDesignPatterns", "StructuralDesignPatterns", "{E4A7B644-3348-4FB7-828E-6BCDBB434FDE}"
EndProject
Project("{9A19103F-16F7-4668-BE54-9A1E7A4F7556}") = "Adapter", "StructuralDesignPatterns\Adapter\Adapter\Adapter.csproj", "{F0FE6841-314C-4FC3-BFAC-347DA0876BAF}"
EndProject
Project("{9A19103F-16F7-4668-BE54-9A1E7A4F7556}") = "Bridge", "StructuralDesignPatterns\Bridge\Bridge.csproj", "{2B7C0F40-411C-4B19-8FF3-9EF7BA88C3A9}"
EndProject
Project("{FAE04EC0-301F-11D3-BF4B-00C04F79EFBC}") = "Composite", "StructuralDesignPatterns\Composite\Composite.csproj", "{1AD9C0C3-5214-4762-A356-1CE50B44197E}"
EndProject
Global
	GlobalSection(SolutionConfigurationPlatforms) = preSolution
		Debug|Any CPU = Debug|Any CPU
		Release|Any CPU = Release|Any CPU
	EndGlobalSection
	GlobalSection(ProjectConfigurationPlatforms) = postSolution
		{8C20ADE9-33BF-4A31-9565-75AF42623137}.Debug|Any CPU.ActiveCfg = Debug|Any CPU
		{8C20ADE9-33BF-4A31-9565-75AF42623137}.Debug|Any CPU.Build.0 = Debug|Any CPU
		{8C20ADE9-33BF-4A31-9565-75AF42623137}.Release|Any CPU.ActiveCfg = Release|Any CPU
		{8C20ADE9-33BF-4A31-9565-75AF42623137}.Release|Any CPU.Build.0 = Release|Any CPU
		{A3FB96A1-1B12-4FBD-8795-D5C517E94D74}.Debug|Any CPU.ActiveCfg = Debug|Any CPU
		{A3FB96A1-1B12-4FBD-8795-D5C517E94D74}.Debug|Any CPU.Build.0 = Debug|Any CPU
		{A3FB96A1-1B12-4FBD-8795-D5C517E94D74}.Release|Any CPU.ActiveCfg = Release|Any CPU
		{A3FB96A1-1B12-4FBD-8795-D5C517E94D74}.Release|Any CPU.Build.0 = Release|Any CPU
		{356DC3D3-BE8C-4ECC-875B-812491AD34BE}.Debug|Any CPU.ActiveCfg = Debug|Any CPU
		{356DC3D3-BE8C-4ECC-875B-812491AD34BE}.Debug|Any CPU.Build.0 = Debug|Any CPU
		{356DC3D3-BE8C-4ECC-875B-812491AD34BE}.Release|Any CPU.ActiveCfg = Release|Any CPU
		{356DC3D3-BE8C-4ECC-875B-812491AD34BE}.Release|Any CPU.Build.0 = Release|Any CPU
		{B13E2A07-8645-4E76-B6E5-44072EB73563}.Debug|Any CPU.ActiveCfg = Debug|Any CPU
		{B13E2A07-8645-4E76-B6E5-44072EB73563}.Debug|Any CPU.Build.0 = Debug|Any CPU
		{B13E2A07-8645-4E76-B6E5-44072EB73563}.Release|Any CPU.ActiveCfg = Release|Any CPU
		{B13E2A07-8645-4E76-B6E5-44072EB73563}.Release|Any CPU.Build.0 = Release|Any CPU
		{89F8789D-3F53-41BE-8A3A-9ADA8E2848F0}.Debug|Any CPU.ActiveCfg = Debug|Any CPU
		{89F8789D-3F53-41BE-8A3A-9ADA8E2848F0}.Debug|Any CPU.Build.0 = Debug|Any CPU
		{89F8789D-3F53-41BE-8A3A-9ADA8E2848F0}.Release|Any CPU.ActiveCfg = Release|Any CPU
		{89F8789D-3F53-41BE-8A3A-9ADA8E2848F0}.Release|Any CPU.Build.0 = Release|Any CPU
		{F0FE6841-314C-4FC3-BFAC-347DA0876BAF}.Debug|Any CPU.ActiveCfg = Debug|Any CPU
		{F0FE6841-314C-4FC3-BFAC-347DA0876BAF}.Debug|Any CPU.Build.0 = Debug|Any CPU
		{F0FE6841-314C-4FC3-BFAC-347DA0876BAF}.Release|Any CPU.ActiveCfg = Release|Any CPU
		{F0FE6841-314C-4FC3-BFAC-347DA0876BAF}.Release|Any CPU.Build.0 = Release|Any CPU
		{2B7C0F40-411C-4B19-8FF3-9EF7BA88C3A9}.Debug|Any CPU.ActiveCfg = Debug|Any CPU
		{2B7C0F40-411C-4B19-8FF3-9EF7BA88C3A9}.Debug|Any CPU.Build.0 = Debug|Any CPU
		{2B7C0F40-411C-4B19-8FF3-9EF7BA88C3A9}.Release|Any CPU.ActiveCfg = Release|Any CPU
		{2B7C0F40-411C-4B19-8FF3-9EF7BA88C3A9}.Release|Any CPU.Build.0 = Release|Any CPU
		{1AD9C0C3-5214-4762-A356-1CE50B44197E}.Debug|Any CPU.ActiveCfg = Debug|Any CPU
		{1AD9C0C3-5214-4762-A356-1CE50B44197E}.Debug|Any CPU.Build.0 = Debug|Any CPU
		{1AD9C0C3-5214-4762-A356-1CE50B44197E}.Release|Any CPU.ActiveCfg = Release|Any CPU
		{1AD9C0C3-5214-4762-A356-1CE50B44197E}.Release|Any CPU.Build.0 = Release|Any CPU
	EndGlobalSection
	GlobalSection(SolutionProperties) = preSolution
		HideSolutionNode = FALSE
	EndGlobalSection
	GlobalSection(NestedProjects) = preSolution
		{8C20ADE9-33BF-4A31-9565-75AF42623137} = {B9695590-9DBA-4964-AD32-754205F8DC68}
		{A3FB96A1-1B12-4FBD-8795-D5C517E94D74} = {B9695590-9DBA-4964-AD32-754205F8DC68}
		{356DC3D3-BE8C-4ECC-875B-812491AD34BE} = {B9695590-9DBA-4964-AD32-754205F8DC68}
		{B13E2A07-8645-4E76-B6E5-44072EB73563} = {B9695590-9DBA-4964-AD32-754205F8DC68}
		{89F8789D-3F53-41BE-8A3A-9ADA8E2848F0} = {B9695590-9DBA-4964-AD32-754205F8DC68}
		{F0FE6841-314C-4FC3-BFAC-347DA0876BAF} = {E4A7B644-3348-4FB7-828E-6BCDBB434FDE}
		{2B7C0F40-411C-4B19-8FF3-9EF7BA88C3A9} = {E4A7B644-3348-4FB7-828E-6BCDBB434FDE}
		{1AD9C0C3-5214-4762-A356-1CE50B44197E} = {E4A7B644-3348-4FB7-828E-6BCDBB434FDE}
	EndGlobalSection
	GlobalSection(ExtensibilityGlobals) = postSolution
		SolutionGuid = {D9BDB129-EAAC-4386-95DC-9D81F63AF0AF}
	EndGlobalSection
EndGlobal
